
Microsoft Visual Studio Solution File, Format Version 12.00
# Visual Studio Version 16
VisualStudioVersion = 16.0.31105.61
MinimumVisualStudioVersion = 10.0.40219.1
Project("{FAE04EC0-301F-11D3-BF4B-00C04F79EFBC}") = "NourishMeantAndroid", "NourishMeantAndroid.csproj", "{A290B757-C255-4725-8141-4B84B7FD6849}"
EndProject
Global
	GlobalSection(SolutionConfigurationPlatforms) = preSolution
		Debug|Any CPU = Debug|Any CPU
		Release|Any CPU = Release|Any CPU
	EndGlobalSection
	GlobalSection(ProjectConfigurationPlatforms) = postSolution
		{A290B757-C255-4725-8141-4B84B7FD6849}.Debug|Any CPU.ActiveCfg = Debug|Any CPU
		{A290B757-C255-4725-8141-4B84B7FD6849}.Debug|Any CPU.Build.0 = Debug|Any CPU
		{A290B757-C255-4725-8141-4B84B7FD6849}.Debug|Any CPU.Deploy.0 = Debug|Any CPU
		{A290B757-C255-4725-8141-4B84B7FD6849}.Release|Any CPU.ActiveCfg = Release|Any CPU
		{A290B757-C255-4725-8141-4B84B7FD6849}.Release|Any CPU.Build.0 = Release|Any CPU
		{A290B757-C255-4725-8141-4B84B7FD6849}.Release|Any CPU.Deploy.0 = Release|Any CPU
	EndGlobalSection
	GlobalSection(SolutionProperties) = preSolution
		HideSolutionNode = FALSE
	EndGlobalSection
	GlobalSection(ExtensibilityGlobals) = postSolution
		SolutionGuid = {738B32EF-EEB9-49EC-A4B1-72C77D8A5B9A}
	EndGlobalSection
EndGlobal
